Microsoft Visual Studio Solution File, Format Version 12.00
# Visual Studio Version 17
VisualStudioVersion = 17.0.32014.148
MinimumVisualStudioVersion = 10.0.40219.1
Project("{FAE04EC0-301F-11D3-BF4B-00C04F79EFBC}") = "SnapIt", "SnapIt\SnapIt.csproj", "{6BC1D5A2-5809-4FB1-B1A7-EC83CBC10CDB}"
EndProject
Project("{FAE04EC0-301F-11D3-BF4B-00C04F79EFBC}") = "SnapIt.Library", "SnapIt.Library\SnapIt.Library.csproj", "{6AE4F0C8-0283-4D08-838E-072E6D55F878}"
EndProject
Project("{C7167F0D-BC9F-4E6E-AFE1-012C56B48DB5}") = "SnapIt.Packaging", "SnapIt.Packaging\SnapIt.Packaging.wapproj", "{DFA67F46-7ADC-4946-A4B9-1407543E5820}"
EndProject
Project("{FAE04EC0-301F-11D3-BF4B-00C04F79EFBC}") = "SnapIt.Test", "SnapIt.Test\SnapIt.Test.csproj", "{5B3FE18F-DF50-416D-8B0E-8B1701D0D45E}"
EndProject
Project("{9A19103F-16F7-4668-BE54-9A1E7A4F7556}") = "SnapScreen", "SnapScreen\SnapScreen.csproj", "{A2EC88D2-02B1-4A1C-B310-08C9F7B7C872}"
EndProject
Project("{9A19103F-16F7-4668-BE54-9A1E7A4F7556}") = "SnapScreen.Library", "SnapScreen.Library\SnapScreen.Library.csproj", "{975145EE-B95D-4577-B8CA-D662C53A25AE}"
EndProject
Project("{2150E333-8FDC-42A3-9474-1A3956D46DE8}") = "thirdparty", "thirdparty", "{110B6D7B-A5CE-4C6E-8217-6095CDFF4736}"
EndProject
Project("{9A19103F-16F7-4668-BE54-9A1E7A4F7556}") = "WPFUI", "..\wpfui\WPFUI\WPFUI.csproj", "{1ADC87D1-8963-4100-845A-18477824718E}"
EndProject
Global
	GlobalSection(SolutionConfigurationPlatforms) = preSolution
		Debug|Any CPU = Debug|Any CPU
		Debug|ARM = Debug|ARM
		Debug|ARM64 = Debug|ARM64
		Debug|x64 = Debug|x64
		Debug|x86 = Debug|x86
		Release|Any CPU = Release|Any CPU
		Release|ARM = Release|ARM
		Release|ARM64 = Release|ARM64
		Release|x64 = Release|x64
		Release|x86 = Release|x86
		Standalone|Any CPU = Standalone|Any CPU
		Standalone|ARM = Standalone|ARM
		Standalone|ARM64 = Standalone|ARM64
		Standalone|x64 = Standalone|x64
		Standalone|x86 = Standalone|x86
	EndGlobalSection
	GlobalSection(ProjectConfigurationPlatforms) = postSolution
		{6BC1D5A2-5809-4FB1-B1A7-EC83CBC10CDB}.Debug|Any CPU.ActiveCfg = Debug|Any CPU
		{6BC1D5A2-5809-4FB1-B1A7-EC83CBC10CDB}.Debug|Any CPU.Build.0 = Debug|Any CPU
		{6BC1D5A2-5809-4FB1-B1A7-EC83CBC10CDB}.Debug|ARM.ActiveCfg = Debug|Any CPU
		{6BC1D5A2-5809-4FB1-B1A7-EC83CBC10CDB}.Debug|ARM.Build.0 = Debug|Any CPU
		{6BC1D5A2-5809-4FB1-B1A7-EC83CBC10CDB}.Debug|ARM64.ActiveCfg = Debug|Any CPU
		{6BC1D5A2-5809-4FB1-B1A7-EC83CBC10CDB}.Debug|ARM64.Build.0 = Debug|Any CPU
		{6BC1D5A2-5809-4FB1-B1A7-EC83CBC10CDB}.Debug|x64.ActiveCfg = Debug|Any CPU
		{6BC1D5A2-5809-4FB1-B1A7-EC83CBC10CDB}.Debug|x64.Build.0 = Debug|Any CPU
		{6BC1D5A2-5809-4FB1-B1A7-EC83CBC10CDB}.Debug|x86.ActiveCfg = Debug|Any CPU
		{6BC1D5A2-5809-4FB1-B1A7-EC83CBC10CDB}.Debug|x86.Build.0 = Debug|Any CPU
		{6BC1D5A2-5809-4FB1-B1A7-EC83CBC10CDB}.Release|Any CPU.ActiveCfg = Release|Any CPU
		{6BC1D5A2-5809-4FB1-B1A7-EC83CBC10CDB}.Release|Any CPU.Build.0 = Release|Any CPU
		{6BC1D5A2-5809-4FB1-B1A7-EC83CBC10CDB}.Release|ARM.ActiveCfg = Release|Any CPU
		{6BC1D5A2-5809-4FB1-B1A7-EC83CBC10CDB}.Release|ARM.Build.0 = Release|Any CPU
		{6BC1D5A2-5809-4FB1-B1A7-EC83CBC10CDB}.Release|ARM64.ActiveCfg = Release|Any CPU
		{6BC1D5A2-5809-4FB1-B1A7-EC83CBC10CDB}.Release|ARM64.Build.0 = Release|Any CPU
		{6BC1D5A2-5809-4FB1-B1A7-EC83CBC10CDB}.Release|x64.ActiveCfg = Release|Any CPU
		{6BC1D5A2-5809-4FB1-B1A7-EC83CBC10CDB}.Release|x64.Build.0 = Release|Any CPU
		{6BC1D5A2-5809-4FB1-B1A7-EC83CBC10CDB}.Release|x86.ActiveCfg = Release|Any CPU
		{6BC1D5A2-5809-4FB1-B1A7-EC83CBC10CDB}.Release|x86.Build.0 = Release|Any CPU
		{6BC1D5A2-5809-4FB1-B1A7-EC83CBC10CDB}.Standalone|Any CPU.ActiveCfg = Standalone|Any CPU
		{6BC1D5A2-5809-4FB1-B1A7-EC83CBC10CDB}.Standalone|Any CPU.Build.0 = Standalone|Any CPU
		{6BC1D5A2-5809-4FB1-B1A7-EC83CBC10CDB}.Standalone|ARM.ActiveCfg = Standalone|Any CPU
		{6BC1D5A2-5809-4FB1-B1A7-EC83CBC10CDB}.Standalone|ARM.Build.0 = Standalone|Any CPU
		{6BC1D5A2-5809-4FB1-B1A7-EC83CBC10CDB}.Standalone|ARM64.ActiveCfg = Standalone|Any CPU
		{6BC1D5A2-5809-4FB1-B1A7-EC83CBC10CDB}.Standalone|ARM64.Build.0 = Standalone|Any CPU
		{6BC1D5A2-5809-4FB1-B1A7-EC83CBC10CDB}.Standalone|x64.ActiveCfg = Standalone|x64
		{6BC1D5A2-5809-4FB1-B1A7-EC83CBC10CDB}.Standalone|x64.Build.0 = Standalone|x64
		{6BC1D5A2-5809-4FB1-B1A7-EC83CBC10CDB}.Standalone|x86.ActiveCfg = Standalone|x86
		{6BC1D5A2-5809-4FB1-B1A7-EC83CBC10CDB}.Standalone|x86.Build.0 = Standalone|x86
		{6AE4F0C8-0283-4D08-838E-072E6D55F878}.Debug|Any CPU.ActiveCfg = Debug|Any CPU
		{6AE4F0C8-0283-4D08-838E-072E6D55F878}.Debug|Any CPU.Build.0 = Debug|Any CPU
		{6AE4F0C8-0283-4D08-838E-072E6D55F878}.Debug|ARM.ActiveCfg = Debug|Any CPU
		{6AE4F0C8-0283-4D08-838E-072E6D55F878}.Debug|ARM.Build.0 = Debug|Any CPU
		{6AE4F0C8-0283-4D08-838E-072E6D55F878}.Debug|ARM64.ActiveCfg = Debug|Any CPU
		{6AE4F0C8-0283-4D08-838E-072E6D55F878}.Debug|ARM64.Build.0 = Debug|Any CPU
		{6AE4F0C8-0283-4D08-838E-072E6D55F878}.Debug|x64.ActiveCfg = Debug|Any CPU
		{6AE4F0C8-0283-4D08-838E-072E6D55F878}.Debug|x64.Build.0 = Debug|Any CPU
		{6AE4F0C8-0283-4D08-838E-072E6D55F878}.Debug|x86.ActiveCfg = Debug|Any CPU
		{6AE4F0C8-0283-4D08-838E-072E6D55F878}.Debug|x86.Build.0 = Debug|Any CPU
		{6AE4F0C8-0283-4D08-838E-072E6D55F878}.Release|Any CPU.ActiveCfg = Release|Any CPU
		{6AE4F0C8-0283-4D08-838E-072E6D55F878}.Release|Any CPU.Build.0 = Release|Any CPU
		{6AE4F0C8-0283-4D08-838E-072E6D55F878}.Release|ARM.ActiveCfg = Release|Any CPU
		{6AE4F0C8-0283-4D08-838E-072E6D55F878}.Release|ARM.Build.0 = Release|Any CPU
		{6AE4F0C8-0283-4D08-838E-072E6D55F878}.Release|ARM64.ActiveCfg = Release|Any CPU
		{6AE4F0C8-0283-4D08-838E-072E6D55F878}.Release|ARM64.Build.0 = Release|Any CPU
		{6AE4F0C8-0283-4D08-838E-072E6D55F878}.Release|x64.ActiveCfg = Release|Any CPU
		{6AE4F0C8-0283-4D08-838E-072E6D55F878}.Release|x64.Build.0 = Release|Any CPU
		{6AE4F0C8-0283-4D08-838E-072E6D55F878}.Release|x86.ActiveCfg = Release|Any CPU
		{6AE4F0C8-0283-4D08-838E-072E6D55F878}.Release|x86.Build.0 = Release|Any CPU
		{6AE4F0C8-0283-4D08-838E-072E6D55F878}.Standalone|Any CPU.ActiveCfg = Standalone|Any CPU
		{6AE4F0C8-0283-4D08-838E-072E6D55F878}.Standalone|Any CPU.Build.0 = Standalone|Any CPU
		{6AE4F0C8-0283-4D08-838E-072E6D55F878}.Standalone|ARM.ActiveCfg = Standalone|Any CPU
		{6AE4F0C8-0283-4D08-838E-072E6D55F878}.Standalone|ARM.Build.0 = Standalone|Any CPU
		{6AE4F0C8-0283-4D08-838E-072E6D55F878}.Standalone|ARM64.ActiveCfg = Standalone|Any CPU
		{6AE4F0C8-0283-4D08-838E-072E6D55F878}.Standalone|ARM64.Build.0 = Standalone|Any CPU
		{6AE4F0C8-0283-4D08-838E-072E6D55F878}.Standalone|x64.ActiveCfg = Standalone|x64
		{6AE4F0C8-0283-4D08-838E-072E6D55F878}.Standalone|x64.Build.0 = Standalone|x64
		{6AE4F0C8-0283-4D08-838E-072E6D55F878}.Standalone|x86.ActiveCfg = Standalone|x86
		{6AE4F0C8-0283-4D08-838E-072E6D55F878}.Standalone|x86.Build.0 = Standalone|x86
		{DFA67F46-7ADC-4946-A4B9-1407543E5820}.Debug|Any CPU.ActiveCfg = Debug|Any CPU
		{DFA67F46-7ADC-4946-A4B9-1407543E5820}.Debug|Any CPU.Build.0 = Debug|Any CPU
		{DFA67F46-7ADC-4946-A4B9-1407543E5820}.Debug|Any CPU.Deploy.0 = Debug|Any CPU
		{DFA67F46-7ADC-4946-A4B9-1407543E5820}.Debug|ARM.ActiveCfg = Debug|ARM
		{DFA67F46-7ADC-4946-A4B9-1407543E5820}.Debug|ARM.Build.0 = Debug|ARM
		{DFA67F46-7ADC-4946-A4B9-1407543E5820}.Debug|ARM.Deploy.0 = Debug|ARM
		{DFA67F46-7ADC-4946-A4B9-1407543E5820}.Debug|ARM64.ActiveCfg = Debug|ARM64
		{DFA67F46-7ADC-4946-A4B9-1407543E5820}.Debug|ARM64.Build.0 = Debug|ARM64
		{DFA67F46-7ADC-4946-A4B9-1407543E5820}.Debug|ARM64.Deploy.0 = Debug|ARM64
		{DFA67F46-7ADC-4946-A4B9-1407543E5820}.Debug|x64.ActiveCfg = Debug|x64
		{DFA67F46-7ADC-4946-A4B9-1407543E5820}.Debug|x64.Build.0 = Debug|x64
		{DFA67F46-7ADC-4946-A4B9-1407543E5820}.Debug|x64.Deploy.0 = Debug|x64
		{DFA67F46-7ADC-4946-A4B9-1407543E5820}.Debug|x86.ActiveCfg = Debug|x86
		{DFA67F46-7ADC-4946-A4B9-1407543E5820}.Debug|x86.Build.0 = Debug|x86
		{DFA67F46-7ADC-4946-A4B9-1407543E5820}.Debug|x86.Deploy.0 = Debug|x86
		{DFA67F46-7ADC-4946-A4B9-1407543E5820}.Release|Any CPU.ActiveCfg = Release|Any CPU
		{DFA67F46-7ADC-4946-A4B9-1407543E5820}.Release|Any CPU.Build.0 = Release|Any CPU
		{DFA67F46-7ADC-4946-A4B9-1407543E5820}.Release|Any CPU.Deploy.0 = Release|Any CPU
		{DFA67F46-7ADC-4946-A4B9-1407543E5820}.Release|ARM.ActiveCfg = Release|ARM
		{DFA67F46-7ADC-4946-A4B9-1407543E5820}.Release|ARM.Build.0 = Release|ARM
		{DFA67F46-7ADC-4946-A4B9-1407543E5820}.Release|ARM.Deploy.0 = Release|ARM
		{DFA67F46-7ADC-4946-A4B9-1407543E5820}.Release|ARM64.ActiveCfg = Release|ARM64
		{DFA67F46-7ADC-4946-A4B9-1407543E5820}.Release|ARM64.Build.0 = Release|ARM64
		{DFA67F46-7ADC-4946-A4B9-1407543E5820}.Release|ARM64.Deploy.0 = Release|ARM64
		{DFA67F46-7ADC-4946-A4B9-1407543E5820}.Release|x64.ActiveCfg = Release|x64
		{DFA67F46-7ADC-4946-A4B9-1407543E5820}.Release|x64.Build.0 = Release|x64
		{DFA67F46-7ADC-4946-A4B9-1407543E5820}.Release|x64.Deploy.0 = Release|x64
		{DFA67F46-7ADC-4946-A4B9-1407543E5820}.Release|x86.ActiveCfg = Release|x86
		{DFA67F46-7ADC-4946-A4B9-1407543E5820}.Release|x86.Build.0 = Release|x86
		{DFA67F46-7ADC-4946-A4B9-1407543E5820}.Release|x86.Deploy.0 = Release|x86
		{DFA67F46-7ADC-4946-A4B9-1407543E5820}.Standalone|Any CPU.ActiveCfg = Standalone|Any CPU
		{DFA67F46-7ADC-4946-A4B9-1407543E5820}.Standalone|Any CPU.Build.0 = Standalone|Any CPU
		{DFA67F46-7ADC-4946-A4B9-1407543E5820}.Standalone|Any CPU.Deploy.0 = Standalone|Any CPU
		{DFA67F46-7ADC-4946-A4B9-1407543E5820}.Standalone|ARM.ActiveCfg = Standalone|ARM
		{DFA67F46-7ADC-4946-A4B9-1407543E5820}.Standalone|ARM.Build.0 = Standalone|ARM
		{DFA67F46-7ADC-4946-A4B9-1407543E5820}.Standalone|ARM.Deploy.0 = Standalone|ARM
		{DFA67F46-7ADC-4946-A4B9-1407543E5820}.Standalone|ARM64.ActiveCfg = Standalone|ARM64
		{DFA67F46-7ADC-4946-A4B9-1407543E5820}.Standalone|ARM64.Build.0 = Standalone|ARM64
		{DFA67F46-7ADC-4946-A4B9-1407543E5820}.Standalone|ARM64.Deploy.0 = Standalone|ARM64
		{DFA67F46-7ADC-4946-A4B9-1407543E5820}.Standalone|x64.ActiveCfg = Standalone|x64
		{DFA67F46-7ADC-4946-A4B9-1407543E5820}.Standalone|x64.Build.0 = Standalone|x64
		{DFA67F46-7ADC-4946-A4B9-1407543E5820}.Standalone|x64.Deploy.0 = Standalone|x64
		{DFA67F46-7ADC-4946-A4B9-1407543E5820}.Standalone|x86.ActiveCfg = Standalone|x86
		{DFA67F46-7ADC-4946-A4B9-1407543E5820}.Standalone|x86.Build.0 = Standalone|x86
		{DFA67F46-7ADC-4946-A4B9-1407543E5820}.Standalone|x86.Deploy.0 = Standalone|x86
		{5B3FE18F-DF50-416D-8B0E-8B1701D0D45E}.Debug|Any CPU.ActiveCfg = Debug|Any CPU
		{5B3FE18F-DF50-416D-8B0E-8B1701D0D45E}.Debug|Any CPU.Build.0 = Debug|Any CPU
		{5B3FE18F-DF50-416D-8B0E-8B1701D0D45E}.Debug|ARM.ActiveCfg = Debug|Any CPU
		{5B3FE18F-DF50-416D-8B0E-8B1701D0D45E}.Debug|ARM.Build.0 = Debug|Any CPU
		{5B3FE18F-DF50-416D-8B0E-8B1701D0D45E}.Debug|ARM64.ActiveCfg = Debug|Any CPU
		{5B3FE18F-DF50-416D-8B0E-8B1701D0D45E}.Debug|ARM64.Build.0 = Debug|Any CPU
		{5B3FE18F-DF50-416D-8B0E-8B1701D0D45E}.Debug|x64.ActiveCfg = Debug|Any CPU
		{5B3FE18F-DF50-416D-8B0E-8B1701D0D45E}.Debug|x64.Build.0 = Debug|Any CPU
		{5B3FE18F-DF50-416D-8B0E-8B1701D0D45E}.Debug|x86.ActiveCfg = Debug|Any CPU
		{5B3FE18F-DF50-416D-8B0E-8B1701D0D45E}.Debug|x86.Build.0 = Debug|Any CPU
		{5B3FE18F-DF50-416D-8B0E-8B1701D0D45E}.Release|Any CPU.ActiveCfg = Release|Any CPU
		{5B3FE18F-DF50-416D-8B0E-8B1701D0D45E}.Release|Any CPU.Build.0 = Release|Any CPU
		{5B3FE18F-DF50-416D-8B0E-8B1701D0D45E}.Release|ARM.ActiveCfg = Release|Any CPU
		{5B3FE18F-DF50-416D-8B0E-8B1701D0D45E}.Release|ARM.Build.0 = Release|Any CPU
		{5B3FE18F-DF50-416D-8B0E-8B1701D0D45E}.Release|ARM64.ActiveCfg = Release|Any CPU
		{5B3FE18F-DF50-416D-8B0E-8B1701D0D45E}.Release|ARM64.Build.0 = Release|Any CPU
		{5B3FE18F-DF50-416D-8B0E-8B1701D0D45E}.Release|x64.ActiveCfg = Release|Any CPU
		{5B3FE18F-DF50-416D-8B0E-8B1701D0D45E}.Release|x64.Build.0 = Release|Any CPU
		{5B3FE18F-DF50-416D-8B0E-8B1701D0D45E}.Release|x86.ActiveCfg = Release|Any CPU
		{5B3FE18F-DF50-416D-8B0E-8B1701D0D45E}.Release|x86.Build.0 = Release|Any CPU
		{5B3FE18F-DF50-416D-8B0E-8B1701D0D45E}.Standalone|Any CPU.ActiveCfg = Standalone|Any CPU
		{5B3FE18F-DF50-416D-8B0E-8B1701D0D45E}.Standalone|Any CPU.Build.0 = Standalone|Any CPU
		{5B3FE18F-DF50-416D-8B0E-8B1701D0D45E}.Standalone|ARM.ActiveCfg = Standalone|Any CPU
		{5B3FE18F-DF50-416D-8B0E-8B1701D0D45E}.Standalone|ARM.Build.0 = Standalone|Any CPU
		{5B3FE18F-DF50-416D-8B0E-8B1701D0D45E}.Standalone|ARM64.ActiveCfg = Standalone|Any CPU
		{5B3FE18F-DF50-416D-8B0E-8B1701D0D45E}.Standalone|ARM64.Build.0 = Standalone|Any CPU
		{5B3FE18F-DF50-416D-8B0E-8B1701D0D45E}.Standalone|x64.ActiveCfg = Standalone|x64
		{5B3FE18F-DF50-416D-8B0E-8B1701D0D45E}.Standalone|x64.Build.0 = Standalone|x64
		{5B3FE18F-DF50-416D-8B0E-8B1701D0D45E}.Standalone|x86.ActiveCfg = Standalone|x86
		{5B3FE18F-DF50-416D-8B0E-8B1701D0D45E}.Standalone|x86.Build.0 = Standalone|x86
		{A2EC88D2-02B1-4A1C-B310-08C9F7B7C872}.Debug|Any CPU.ActiveCfg = Debug|Any CPU
		{A2EC88D2-02B1-4A1C-B310-08C9F7B7C872}.Debug|Any CPU.Build.0 = Debug|Any CPU
		{A2EC88D2-02B1-4A1C-B310-08C9F7B7C872}.Debug|ARM.ActiveCfg = Debug|Any CPU
		{A2EC88D2-02B1-4A1C-B310-08C9F7B7C872}.Debug|ARM.Build.0 = Debug|Any CPU
		{A2EC88D2-02B1-4A1C-B310-08C9F7B7C872}.Debug|ARM64.ActiveCfg = Debug|Any CPU
		{A2EC88D2-02B1-4A1C-B310-08C9F7B7C872}.Debug|ARM64.Build.0 = Debug|Any CPU
		{A2EC88D2-02B1-4A1C-B310-08C9F7B7C872}.Debug|x64.ActiveCfg = Debug|Any CPU
		{A2EC88D2-02B1-4A1C-B310-08C9F7B7C872}.Debug|x64.Build.0 = Debug|Any CPU
		{A2EC88D2-02B1-4A1C-B310-08C9F7B7C872}.Debug|x86.ActiveCfg = Debug|Any CPU
		{A2EC88D2-02B1-4A1C-B310-08C9F7B7C872}.Debug|x86.Build.0 = Debug|Any CPU
		{A2EC88D2-02B1-4A1C-B310-08C9F7B7C872}.Release|Any CPU.ActiveCfg = Release|Any CPU
		{A2EC88D2-02B1-4A1C-B310-08C9F7B7C872}.Release|Any CPU.Build.0 = Release|Any CPU
		{A2EC88D2-02B1-4A1C-B310-08C9F7B7C872}.Release|ARM.ActiveCfg = Release|Any CPU
		{A2EC88D2-02B1-4A1C-B310-08C9F7B7C872}.Release|ARM.Build.0 = Release|Any CPU
		{A2EC88D2-02B1-4A1C-B310-08C9F7B7C872}.Release|ARM64.ActiveCfg = Release|Any CPU
		{A2EC88D2-02B1-4A1C-B310-08C9F7B7C872}.Release|ARM64.Build.0 = Release|Any CPU
		{A2EC88D2-02B1-4A1C-B310-08C9F7B7C872}.Release|x64.ActiveCfg = Release|Any CPU
		{A2EC88D2-02B1-4A1C-B310-08C9F7B7C872}.Release|x64.Build.0 = Release|Any CPU
		{A2EC88D2-02B1-4A1C-B310-08C9F7B7C872}.Release|x86.ActiveCfg = Release|Any CPU
		{A2EC88D2-02B1-4A1C-B310-08C9F7B7C872}.Release|x86.Build.0 = Release|Any CPU
		{A2EC88D2-02B1-4A1C-B310-08C9F7B7C872}.Standalone|Any CPU.ActiveCfg = Standalone|Any CPU
		{A2EC88D2-02B1-4A1C-B310-08C9F7B7C872}.Standalone|Any CPU.Build.0 = Standalone|Any CPU
		{A2EC88D2-02B1-4A1C-B310-08C9F7B7C872}.Standalone|ARM.ActiveCfg = Standalone|Any CPU
		{A2EC88D2-02B1-4A1C-B310-08C9F7B7C872}.Standalone|ARM.Build.0 = Standalone|Any CPU
		{A2EC88D2-02B1-4A1C-B310-08C9F7B7C872}.Standalone|ARM64.ActiveCfg = Standalone|Any CPU
		{A2EC88D2-02B1-4A1C-B310-08C9F7B7C872}.Standalone|ARM64.Build.0 = Standalone|Any CPU
		{A2EC88D2-02B1-4A1C-B310-08C9F7B7C872}.Standalone|x64.ActiveCfg = Standalone|Any CPU
		{A2EC88D2-02B1-4A1C-B310-08C9F7B7C872}.Standalone|x64.Build.0 = Standalone|Any CPU
		{A2EC88D2-02B1-4A1C-B310-08C9F7B7C872}.Standalone|x86.ActiveCfg = Standalone|Any CPU
		{A2EC88D2-02B1-4A1C-B310-08C9F7B7C872}.Standalone|x86.Build.0 = Standalone|Any CPU
		{975145EE-B95D-4577-B8CA-D662C53A25AE}.Debug|Any CPU.ActiveCfg = Debug|Any CPU
		{975145EE-B95D-4577-B8CA-D662C53A25AE}.Debug|Any CPU.Build.0 = Debug|Any CPU
		{975145EE-B95D-4577-B8CA-D662C53A25AE}.Debug|ARM.ActiveCfg = Debug|Any CPU
		{975145EE-B95D-4577-B8CA-D662C53A25AE}.Debug|ARM.Build.0 = Debug|Any CPU
		{975145EE-B95D-4577-B8CA-D662C53A25AE}.Debug|ARM64.ActiveCfg = Debug|Any CPU
		{975145EE-B95D-4577-B8CA-D662C53A25AE}.Debug|ARM64.Build.0 = Debug|Any CPU
		{975145EE-B95D-4577-B8CA-D662C53A25AE}.Debug|x64.ActiveCfg = Debug|Any CPU
		{975145EE-B95D-4577-B8CA-D662C53A25AE}.Debug|x64.Build.0 = Debug|Any CPU
		{975145EE-B95D-4577-B8CA-D662C53A25AE}.Debug|x86.ActiveCfg = Debug|Any CPU
		{975145EE-B95D-4577-B8CA-D662C53A25AE}.Debug|x86.Build.0 = Debug|Any CPU
		{975145EE-B95D-4577-B8CA-D662C53A25AE}.Release|Any CPU.ActiveCfg = Release|Any CPU
		{975145EE-B95D-4577-B8CA-D662C53A25AE}.Release|Any CPU.Build.0 = Release|Any CPU
		{975145EE-B95D-4577-B8CA-D662C53A25AE}.Release|ARM.ActiveCfg = Release|Any CPU
		{975145EE-B95D-4577-B8CA-D662C53A25AE}.Release|ARM.Build.0 = Release|Any CPU
		{975145EE-B95D-4577-B8CA-D662C53A25AE}.Release|ARM64.ActiveCfg = Release|Any CPU
		{975145EE-B95D-4577-B8CA-D662C53A25AE}.Release|ARM64.Build.0 = Release|Any CPU
		{975145EE-B95D-4577-B8CA-D662C53A25AE}.Release|x64.ActiveCfg = Release|Any CPU
		{975145EE-B95D-4577-B8CA-D662C53A25AE}.Release|x64.Build.0 = Release|Any CPU
		{975145EE-B95D-4577-B8CA-D662C53A25AE}.Release|x86.ActiveCfg = Release|Any CPU
		{975145EE-B95D-4577-B8CA-D662C53A25AE}.Release|x86.Build.0 = Release|Any CPU
		{975145EE-B95D-4577-B8CA-D662C53A25AE}.Standalone|Any CPU.ActiveCfg = Standalone|Any CPU
		{975145EE-B95D-4577-B8CA-D662C53A25AE}.Standalone|Any CPU.Build.0 = Standalone|Any CPU
		{975145EE-B95D-4577-B8CA-D662C53A25AE}.Standalone|ARM.ActiveCfg = Standalone|Any CPU
		{975145EE-B95D-4577-B8CA-D662C53A25AE}.Standalone|ARM.Build.0 = Standalone|Any CPU
		{975145EE-B95D-4577-B8CA-D662C53A25AE}.Standalone|ARM64.ActiveCfg = Standalone|Any CPU
		{975145EE-B95D-4577-B8CA-D662C53A25AE}.Standalone|ARM64.Build.0 = Standalone|Any CPU
		{975145EE-B95D-4577-B8CA-D662C53A25AE}.Standalone|x64.ActiveCfg = Standalone|Any CPU
		{975145EE-B95D-4577-B8CA-D662C53A25AE}.Standalone|x64.Build.0 = Standalone|Any CPU
		{975145EE-B95D-4577-B8CA-D662C53A25AE}.Standalone|x86.ActiveCfg = Standalone|Any CPU
		{975145EE-B95D-4577-B8CA-D662C53A25AE}.Standalone|x86.Build.0 = Standalone|Any CPU
		{1ADC87D1-8963-4100-845A-18477824718E}.Debug|Any CPU.ActiveCfg = Debug|Any CPU
		{1ADC87D1-8963-4100-845A-18477824718E}.Debug|Any CPU.Build.0 = Debug|Any CPU
		{1ADC87D1-8963-4100-845A-18477824718E}.Debug|ARM.ActiveCfg = Debug|Any CPU
		{1ADC87D1-8963-4100-845A-18477824718E}.Debug|ARM.Build.0 = Debug|Any CPU
		{1ADC87D1-8963-4100-845A-18477824718E}.Debug|ARM64.ActiveCfg = Debug|Any CPU
		{1ADC87D1-8963-4100-845A-18477824718E}.Debug|ARM64.Build.0 = Debug|Any CPU
		{1ADC87D1-8963-4100-845A-18477824718E}.Debug|x64.ActiveCfg = Debug|Any CPU
		{1ADC87D1-8963-4100-845A-18477824718E}.Debug|x64.Build.0 = Debug|Any CPU
		{1ADC87D1-8963-4100-845A-18477824718E}.Debug|x86.ActiveCfg = Debug|Any CPU
		{1ADC87D1-8963-4100-845A-18477824718E}.Debug|x86.Build.0 = Debug|Any CPU
		{1ADC87D1-8963-4100-845A-18477824718E}.Release|Any CPU.ActiveCfg = Release|Any CPU
		{1ADC87D1-8963-4100-845A-18477824718E}.Release|Any CPU.Build.0 = Release|Any CPU
		{1ADC87D1-8963-4100-845A-18477824718E}.Release|ARM.ActiveCfg = Release|Any CPU
		{1ADC87D1-8963-4100-845A-18477824718E}.Release|ARM.Build.0 = Release|Any CPU
		{1ADC87D1-8963-4100-845A-18477824718E}.Release|ARM64.ActiveCfg = Release|Any CPU
		{1ADC87D1-8963-4100-845A-18477824718E}.Release|ARM64.Build.0 = Release|Any CPU
		{1ADC87D1-8963-4100-845A-18477824718E}.Release|x64.ActiveCfg = Release|Any CPU
		{1ADC87D1-8963-4100-845A-18477824718E}.Release|x64.Build.0 = Release|Any CPU
		{1ADC87D1-8963-4100-845A-18477824718E}.Release|x86.ActiveCfg = Release|Any CPU
		{1ADC87D1-8963-4100-845A-18477824718E}.Release|x86.Build.0 = Release|Any CPU
		{1ADC87D1-8963-4100-845A-18477824718E}.Standalone|Any CPU.ActiveCfg = Standalone|Any CPU
		{1ADC87D1-8963-4100-845A-18477824718E}.Standalone|Any CPU.Build.0 = Standalone|Any CPU
		{1ADC87D1-8963-4100-845A-18477824718E}.Standalone|ARM.ActiveCfg = Standalone|Any CPU
		{1ADC87D1-8963-4100-845A-18477824718E}.Standalone|ARM.Build.0 = Standalone|Any CPU
		{1ADC87D1-8963-4100-845A-18477824718E}.Standalone|ARM64.ActiveCfg = Standalone|Any CPU
		{1ADC87D1-8963-4100-845A-18477824718E}.Standalone|ARM64.Build.0 = Standalone|Any CPU
		{1ADC87D1-8963-4100-845A-18477824718E}.Standalone|x64.ActiveCfg = Standalone|Any CPU
		{1ADC87D1-8963-4100-845A-18477824718E}.Standalone|x64.Build.0 = Standalone|Any CPU
		{1ADC87D1-8963-4100-845A-18477824718E}.Standalone|x86.ActiveCfg = Standalone|Any CPU
		{1ADC87D1-8963-4100-845A-18477824718E}.Standalone|x86.Build.0 = Standalone|Any CPU
	EndGlobalSection
	GlobalSection(SolutionProperties) = preSolution
		HideSolutionNode = FALSE
	EndGlobalSection
	GlobalSection(NestedProjects) = preSolution
		{1ADC87D1-8963-4100-845A-18477824718E} = {110B6D7B-A5CE-4C6E-8217-6095CDFF4736}
	EndGlobalSection
	GlobalSection(ExtensibilityGlobals) = postSolution
		SolutionGuid = {E2CD2A70-F1BB-4025-9B69-FF36BB086691}
	EndGlobalSection
EndGlobal
