Microsoft Visual Studio Solution File, Format Version 12.00
# Visual Studio Version 17
VisualStudioVersion = 17.0.32112.339
MinimumVisualStudioVersion = 10.0.40219.1
Project("{C7167F0D-BC9F-4E6E-AFE1-012C56B48DB5}") = "SnapIt.Packaging", "SnapIt.Packaging\SnapIt.Packaging.wapproj", "{DFA67F46-7ADC-4946-A4B9-1407543E5820}"
EndProject
Project("{9A19103F-16F7-4668-BE54-9A1E7A4F7556}") = "SnapIt", "SnapIt\SnapIt.csproj", "{122758CB-8D38-4A56-B9F1-AC72C33EF286}"
EndProject
Project("{9A19103F-16F7-4668-BE54-9A1E7A4F7556}") = "SnapIt.Library", "SnapIt.Library\SnapIt.Library.csproj", "{FE2149D7-3DDC-49B6-ABD7-4D98237A3023}"
EndProject
Project("{9A19103F-16F7-4668-BE54-9A1E7A4F7556}") = "SnapIt.Test", "SnapIt.Test\SnapIt.Test.csproj", "{B44433D1-1AB9-4BCE-ADC3-2DADE403EF4D}"
EndProject
Global
	GlobalSection(SolutionConfigurationPlatforms) = preSolution
		Debug|Any CPU = Debug|Any CPU
		Debug|ARM = Debug|ARM
		Debug|ARM64 = Debug|ARM64
		Debug|x64 = Debug|x64
		Debug|x86 = Debug|x86
		Release|Any CPU = Release|Any CPU
		Release|ARM = Release|ARM
		Release|ARM64 = Release|ARM64
		Release|x64 = Release|x64
		Release|x86 = Release|x86
		Standalone|Any CPU = Standalone|Any CPU
		Standalone|ARM = Standalone|ARM
		Standalone|ARM64 = Standalone|ARM64
		Standalone|x64 = Standalone|x64
		Standalone|x86 = Standalone|x86
	EndGlobalSection
	GlobalSection(ProjectConfigurationPlatforms) = postSolution
		{DFA67F46-7ADC-4946-A4B9-1407543E5820}.Debug|Any CPU.ActiveCfg = Debug|Any CPU
		{DFA67F46-7ADC-4946-A4B9-1407543E5820}.Debug|Any CPU.Build.0 = Debug|Any CPU
		{DFA67F46-7ADC-4946-A4B9-1407543E5820}.Debug|Any CPU.Deploy.0 = Debug|Any CPU
		{DFA67F46-7ADC-4946-A4B9-1407543E5820}.Debug|ARM.ActiveCfg = Debug|ARM
		{DFA67F46-7ADC-4946-A4B9-1407543E5820}.Debug|ARM.Build.0 = Debug|ARM
		{DFA67F46-7ADC-4946-A4B9-1407543E5820}.Debug|ARM.Deploy.0 = Debug|ARM
		{DFA67F46-7ADC-4946-A4B9-1407543E5820}.Debug|ARM64.ActiveCfg = Debug|ARM64
		{DFA67F46-7ADC-4946-A4B9-1407543E5820}.Debug|ARM64.Build.0 = Debug|ARM64
		{DFA67F46-7ADC-4946-A4B9-1407543E5820}.Debug|ARM64.Deploy.0 = Debug|ARM64
		{DFA67F46-7ADC-4946-A4B9-1407543E5820}.Debug|x64.ActiveCfg = Debug|x64
		{DFA67F46-7ADC-4946-A4B9-1407543E5820}.Debug|x64.Build.0 = Debug|x64
		{DFA67F46-7ADC-4946-A4B9-1407543E5820}.Debug|x64.Deploy.0 = Debug|x64
		{DFA67F46-7ADC-4946-A4B9-1407543E5820}.Debug|x86.ActiveCfg = Debug|x86
		{DFA67F46-7ADC-4946-A4B9-1407543E5820}.Debug|x86.Build.0 = Debug|x86
		{DFA67F46-7ADC-4946-A4B9-1407543E5820}.Debug|x86.Deploy.0 = Debug|x86
		{DFA67F46-7ADC-4946-A4B9-1407543E5820}.Release|Any CPU.ActiveCfg = Release|Any CPU
		{DFA67F46-7ADC-4946-A4B9-1407543E5820}.Release|Any CPU.Build.0 = Release|Any CPU
		{DFA67F46-7ADC-4946-A4B9-1407543E5820}.Release|Any CPU.Deploy.0 = Release|Any CPU
		{DFA67F46-7ADC-4946-A4B9-1407543E5820}.Release|ARM.ActiveCfg = Release|ARM
		{DFA67F46-7ADC-4946-A4B9-1407543E5820}.Release|ARM.Build.0 = Release|ARM
		{DFA67F46-7ADC-4946-A4B9-1407543E5820}.Release|ARM.Deploy.0 = Release|ARM
		{DFA67F46-7ADC-4946-A4B9-1407543E5820}.Release|ARM64.ActiveCfg = Release|ARM64
		{DFA67F46-7ADC-4946-A4B9-1407543E5820}.Release|ARM64.Build.0 = Release|ARM64
		{DFA67F46-7ADC-4946-A4B9-1407543E5820}.Release|ARM64.Deploy.0 = Release|ARM64
		{DFA67F46-7ADC-4946-A4B9-1407543E5820}.Release|x64.ActiveCfg = Release|x64
		{DFA67F46-7ADC-4946-A4B9-1407543E5820}.Release|x64.Build.0 = Release|x64
		{DFA67F46-7ADC-4946-A4B9-1407543E5820}.Release|x64.Deploy.0 = Release|x64
		{DFA67F46-7ADC-4946-A4B9-1407543E5820}.Release|x86.ActiveCfg = Release|x86
		{DFA67F46-7ADC-4946-A4B9-1407543E5820}.Release|x86.Build.0 = Release|x86
		{DFA67F46-7ADC-4946-A4B9-1407543E5820}.Release|x86.Deploy.0 = Release|x86
		{DFA67F46-7ADC-4946-A4B9-1407543E5820}.Standalone|Any CPU.ActiveCfg = Standalone|Any CPU
		{DFA67F46-7ADC-4946-A4B9-1407543E5820}.Standalone|Any CPU.Build.0 = Standalone|Any CPU
		{DFA67F46-7ADC-4946-A4B9-1407543E5820}.Standalone|Any CPU.Deploy.0 = Standalone|Any CPU
		{DFA67F46-7ADC-4946-A4B9-1407543E5820}.Standalone|ARM.ActiveCfg = Standalone|ARM
		{DFA67F46-7ADC-4946-A4B9-1407543E5820}.Standalone|ARM.Build.0 = Standalone|ARM
		{DFA67F46-7ADC-4946-A4B9-1407543E5820}.Standalone|ARM.Deploy.0 = Standalone|ARM
		{DFA67F46-7ADC-4946-A4B9-1407543E5820}.Standalone|ARM64.ActiveCfg = Standalone|ARM64
		{DFA67F46-7ADC-4946-A4B9-1407543E5820}.Standalone|ARM64.Build.0 = Standalone|ARM64
		{DFA67F46-7ADC-4946-A4B9-1407543E5820}.Standalone|ARM64.Deploy.0 = Standalone|ARM64
		{DFA67F46-7ADC-4946-A4B9-1407543E5820}.Standalone|x64.ActiveCfg = Standalone|x64
		{DFA67F46-7ADC-4946-A4B9-1407543E5820}.Standalone|x64.Build.0 = Standalone|x64
		{DFA67F46-7ADC-4946-A4B9-1407543E5820}.Standalone|x64.Deploy.0 = Standalone|x64
		{DFA67F46-7ADC-4946-A4B9-1407543E5820}.Standalone|x86.ActiveCfg = Standalone|x86
		{DFA67F46-7ADC-4946-A4B9-1407543E5820}.Standalone|x86.Build.0 = Standalone|x86
		{DFA67F46-7ADC-4946-A4B9-1407543E5820}.Standalone|x86.Deploy.0 = Standalone|x86
		{122758CB-8D38-4A56-B9F1-AC72C33EF286}.Debug|Any CPU.ActiveCfg = Debug|Any CPU
		{122758CB-8D38-4A56-B9F1-AC72C33EF286}.Debug|Any CPU.Build.0 = Debug|Any CPU
		{122758CB-8D38-4A56-B9F1-AC72C33EF286}.Debug|ARM.ActiveCfg = Debug|Any CPU
		{122758CB-8D38-4A56-B9F1-AC72C33EF286}.Debug|ARM.Build.0 = Debug|Any CPU
		{122758CB-8D38-4A56-B9F1-AC72C33EF286}.Debug|ARM64.ActiveCfg = Debug|Any CPU
		{122758CB-8D38-4A56-B9F1-AC72C33EF286}.Debug|ARM64.Build.0 = Debug|Any CPU
		{122758CB-8D38-4A56-B9F1-AC72C33EF286}.Debug|x64.ActiveCfg = Debug|Any CPU
		{122758CB-8D38-4A56-B9F1-AC72C33EF286}.Debug|x64.Build.0 = Debug|Any CPU
		{122758CB-8D38-4A56-B9F1-AC72C33EF286}.Debug|x86.ActiveCfg = Debug|x86
		{122758CB-8D38-4A56-B9F1-AC72C33EF286}.Debug|x86.Build.0 = Debug|x86
		{122758CB-8D38-4A56-B9F1-AC72C33EF286}.Release|Any CPU.ActiveCfg = Release|Any CPU
		{122758CB-8D38-4A56-B9F1-AC72C33EF286}.Release|Any CPU.Build.0 = Release|Any CPU
		{122758CB-8D38-4A56-B9F1-AC72C33EF286}.Release|ARM.ActiveCfg = Release|Any CPU
		{122758CB-8D38-4A56-B9F1-AC72C33EF286}.Release|ARM.Build.0 = Release|Any CPU
		{122758CB-8D38-4A56-B9F1-AC72C33EF286}.Release|ARM64.ActiveCfg = Release|Any CPU
		{122758CB-8D38-4A56-B9F1-AC72C33EF286}.Release|ARM64.Build.0 = Release|Any CPU
		{122758CB-8D38-4A56-B9F1-AC72C33EF286}.Release|x64.ActiveCfg = Release|Any CPU
		{122758CB-8D38-4A56-B9F1-AC72C33EF286}.Release|x64.Build.0 = Release|Any CPU
		{122758CB-8D38-4A56-B9F1-AC72C33EF286}.Release|x86.ActiveCfg = Release|x86
		{122758CB-8D38-4A56-B9F1-AC72C33EF286}.Release|x86.Build.0 = Release|x86
		{122758CB-8D38-4A56-B9F1-AC72C33EF286}.Standalone|Any CPU.ActiveCfg = Standalone|Any CPU
		{122758CB-8D38-4A56-B9F1-AC72C33EF286}.Standalone|Any CPU.Build.0 = Standalone|Any CPU
		{122758CB-8D38-4A56-B9F1-AC72C33EF286}.Standalone|ARM.ActiveCfg = Standalone|Any CPU
		{122758CB-8D38-4A56-B9F1-AC72C33EF286}.Standalone|ARM.Build.0 = Standalone|Any CPU
		{122758CB-8D38-4A56-B9F1-AC72C33EF286}.Standalone|ARM64.ActiveCfg = Standalone|Any CPU
		{122758CB-8D38-4A56-B9F1-AC72C33EF286}.Standalone|ARM64.Build.0 = Standalone|Any CPU
		{122758CB-8D38-4A56-B9F1-AC72C33EF286}.Standalone|x64.ActiveCfg = Standalone|Any CPU
		{122758CB-8D38-4A56-B9F1-AC72C33EF286}.Standalone|x64.Build.0 = Standalone|Any CPU
		{122758CB-8D38-4A56-B9F1-AC72C33EF286}.Standalone|x86.ActiveCfg = Standalone|x86
		{122758CB-8D38-4A56-B9F1-AC72C33EF286}.Standalone|x86.Build.0 = Standalone|x86
		{FE2149D7-3DDC-49B6-ABD7-4D98237A3023}.Debug|Any CPU.ActiveCfg = Debug|Any CPU
		{FE2149D7-3DDC-49B6-ABD7-4D98237A3023}.Debug|Any CPU.Build.0 = Debug|Any CPU
		{FE2149D7-3DDC-49B6-ABD7-4D98237A3023}.Debug|ARM.ActiveCfg = Debug|Any CPU
		{FE2149D7-3DDC-49B6-ABD7-4D98237A3023}.Debug|ARM.Build.0 = Debug|Any CPU
		{FE2149D7-3DDC-49B6-ABD7-4D98237A3023}.Debug|ARM64.ActiveCfg = Debug|Any CPU
		{FE2149D7-3DDC-49B6-ABD7-4D98237A3023}.Debug|ARM64.Build.0 = Debug|Any CPU
		{FE2149D7-3DDC-49B6-ABD7-4D98237A3023}.Debug|x64.ActiveCfg = Debug|Any CPU
		{FE2149D7-3DDC-49B6-ABD7-4D98237A3023}.Debug|x64.Build.0 = Debug|Any CPU
		{FE2149D7-3DDC-49B6-ABD7-4D98237A3023}.Debug|x86.ActiveCfg = Debug|x86
		{FE2149D7-3DDC-49B6-ABD7-4D98237A3023}.Debug|x86.Build.0 = Debug|x86
		{FE2149D7-3DDC-49B6-ABD7-4D98237A3023}.Release|Any CPU.ActiveCfg = Release|Any CPU
		{FE2149D7-3DDC-49B6-ABD7-4D98237A3023}.Release|Any CPU.Build.0 = Release|Any CPU
		{FE2149D7-3DDC-49B6-ABD7-4D98237A3023}.Release|ARM.ActiveCfg = Release|Any CPU
		{FE2149D7-3DDC-49B6-ABD7-4D98237A3023}.Release|ARM.Build.0 = Release|Any CPU
		{FE2149D7-3DDC-49B6-ABD7-4D98237A3023}.Release|ARM64.ActiveCfg = Release|Any CPU
		{FE2149D7-3DDC-49B6-ABD7-4D98237A3023}.Release|ARM64.Build.0 = Release|Any CPU
		{FE2149D7-3DDC-49B6-ABD7-4D98237A3023}.Release|x64.ActiveCfg = Release|Any CPU
		{FE2149D7-3DDC-49B6-ABD7-4D98237A3023}.Release|x64.Build.0 = Release|Any CPU
		{FE2149D7-3DDC-49B6-ABD7-4D98237A3023}.Release|x86.ActiveCfg = Release|x86
		{FE2149D7-3DDC-49B6-ABD7-4D98237A3023}.Release|x86.Build.0 = Release|x86
		{FE2149D7-3DDC-49B6-ABD7-4D98237A3023}.Standalone|Any CPU.ActiveCfg = Standalone|Any CPU
		{FE2149D7-3DDC-49B6-ABD7-4D98237A3023}.Standalone|Any CPU.Build.0 = Standalone|Any CPU
		{FE2149D7-3DDC-49B6-ABD7-4D98237A3023}.Standalone|ARM.ActiveCfg = Standalone|Any CPU
		{FE2149D7-3DDC-49B6-ABD7-4D98237A3023}.Standalone|ARM.Build.0 = Standalone|Any CPU
		{FE2149D7-3DDC-49B6-ABD7-4D98237A3023}.Standalone|ARM64.ActiveCfg = Standalone|Any CPU
		{FE2149D7-3DDC-49B6-ABD7-4D98237A3023}.Standalone|ARM64.Build.0 = Standalone|Any CPU
		{FE2149D7-3DDC-49B6-ABD7-4D98237A3023}.Standalone|x64.ActiveCfg = Standalone|Any CPU
		{FE2149D7-3DDC-49B6-ABD7-4D98237A3023}.Standalone|x64.Build.0 = Standalone|Any CPU
		{FE2149D7-3DDC-49B6-ABD7-4D98237A3023}.Standalone|x86.ActiveCfg = Standalone|x86
		{FE2149D7-3DDC-49B6-ABD7-4D98237A3023}.Standalone|x86.Build.0 = Standalone|x86
		{B44433D1-1AB9-4BCE-ADC3-2DADE403EF4D}.Debug|Any CPU.ActiveCfg = Debug|Any CPU
		{B44433D1-1AB9-4BCE-ADC3-2DADE403EF4D}.Debug|Any CPU.Build.0 = Debug|Any CPU
		{B44433D1-1AB9-4BCE-ADC3-2DADE403EF4D}.Debug|ARM.ActiveCfg = Debug|Any CPU
		{B44433D1-1AB9-4BCE-ADC3-2DADE403EF4D}.Debug|ARM.Build.0 = Debug|Any CPU
		{B44433D1-1AB9-4BCE-ADC3-2DADE403EF4D}.Debug|ARM64.ActiveCfg = Debug|Any CPU
		{B44433D1-1AB9-4BCE-ADC3-2DADE403EF4D}.Debug|ARM64.Build.0 = Debug|Any CPU
		{B44433D1-1AB9-4BCE-ADC3-2DADE403EF4D}.Debug|x64.ActiveCfg = Debug|Any CPU
		{B44433D1-1AB9-4BCE-ADC3-2DADE403EF4D}.Debug|x64.Build.0 = Debug|Any CPU
		{B44433D1-1AB9-4BCE-ADC3-2DADE403EF4D}.Debug|x86.ActiveCfg = Debug|x86
		{B44433D1-1AB9-4BCE-ADC3-2DADE403EF4D}.Debug|x86.Build.0 = Debug|x86
		{B44433D1-1AB9-4BCE-ADC3-2DADE403EF4D}.Release|Any CPU.ActiveCfg = Release|Any CPU
		{B44433D1-1AB9-4BCE-ADC3-2DADE403EF4D}.Release|Any CPU.Build.0 = Release|Any CPU
		{B44433D1-1AB9-4BCE-ADC3-2DADE403EF4D}.Release|ARM.ActiveCfg = Release|Any CPU
		{B44433D1-1AB9-4BCE-ADC3-2DADE403EF4D}.Release|ARM.Build.0 = Release|Any CPU
		{B44433D1-1AB9-4BCE-ADC3-2DADE403EF4D}.Release|ARM64.ActiveCfg = Release|Any CPU
		{B44433D1-1AB9-4BCE-ADC3-2DADE403EF4D}.Release|ARM64.Build.0 = Release|Any CPU
		{B44433D1-1AB9-4BCE-ADC3-2DADE403EF4D}.Release|x64.ActiveCfg = Release|Any CPU
		{B44433D1-1AB9-4BCE-ADC3-2DADE403EF4D}.Release|x64.Build.0 = Release|Any CPU
		{B44433D1-1AB9-4BCE-ADC3-2DADE403EF4D}.Release|x86.ActiveCfg = Release|x86
		{B44433D1-1AB9-4BCE-ADC3-2DADE403EF4D}.Release|x86.Build.0 = Release|x86
		{B44433D1-1AB9-4BCE-ADC3-2DADE403EF4D}.Standalone|Any CPU.ActiveCfg = Standalone|Any CPU
		{B44433D1-1AB9-4BCE-ADC3-2DADE403EF4D}.Standalone|Any CPU.Build.0 = Standalone|Any CPU
		{B44433D1-1AB9-4BCE-ADC3-2DADE403EF4D}.Standalone|ARM.ActiveCfg = Standalone|Any CPU
		{B44433D1-1AB9-4BCE-ADC3-2DADE403EF4D}.Standalone|ARM.Build.0 = Standalone|Any CPU
		{B44433D1-1AB9-4BCE-ADC3-2DADE403EF4D}.Standalone|ARM64.ActiveCfg = Standalone|Any CPU
		{B44433D1-1AB9-4BCE-ADC3-2DADE403EF4D}.Standalone|ARM64.Build.0 = Standalone|Any CPU
		{B44433D1-1AB9-4BCE-ADC3-2DADE403EF4D}.Standalone|x64.ActiveCfg = Standalone|Any CPU
		{B44433D1-1AB9-4BCE-ADC3-2DADE403EF4D}.Standalone|x64.Build.0 = Standalone|Any CPU
		{B44433D1-1AB9-4BCE-ADC3-2DADE403EF4D}.Standalone|x86.ActiveCfg = Standalone|x86
		{B44433D1-1AB9-4BCE-ADC3-2DADE403EF4D}.Standalone|x86.Build.0 = Standalone|x86
	EndGlobalSection
	GlobalSection(SolutionProperties) = preSolution
		HideSolutionNode = FALSE
	EndGlobalSection
	GlobalSection(ExtensibilityGlobals) = postSolution
		SolutionGuid = {E2CD2A70-F1BB-4025-9B69-FF36BB086691}
	EndGlobalSection
EndGlobal
